
Microsoft Visual Studio Solution File, Format Version 12.00
# Visual Studio Version 16
VisualStudioVersion = 16.0.29215.179
MinimumVisualStudioVersion = 10.0.40219.1
Project("{FAE04EC0-301F-11D3-BF4B-00C04F79EFBC}") = "Lab1_Temperature", "Lab1_Temperature\Lab1_Temperature.csproj", "{025F4595-262C-46F8-9AEE-1495BC811B46}"
EndProject
Global
	GlobalSection(SolutionConfigurationPlatforms) = preSolution
		Debug|Any CPU = Debug|Any CPU
		Release|Any CPU = Release|Any CPU
	EndGlobalSection
	GlobalSection(ProjectConfigurationPlatforms) = postSolution
		{025F4595-262C-46F8-9AEE-1495BC811B46}.Debug|Any CPU.ActiveCfg = Debug|Any CPU
		{025F4595-262C-46F8-9AEE-1495BC811B46}.Debug|Any CPU.Build.0 = Debug|Any CPU
		{025F4595-262C-46F8-9AEE-1495BC811B46}.Release|Any CPU.ActiveCfg = Release|Any CPU
		{025F4595-262C-46F8-9AEE-1495BC811B46}.Release|Any CPU.Build.0 = Release|Any CPU
	EndGlobalSection
	GlobalSection(SolutionProperties) = preSolution
		HideSolutionNode = FALSE
	EndGlobalSection
	GlobalSection(ExtensibilityGlobals) = postSolution
		SolutionGuid = {AF12D51A-F56D-486E-96CA-54184E23B289}
	EndGlobalSection
EndGlobal
